
Microsoft Visual Studio Solution File, Format Version 12.00
# Visual Studio Version 16
VisualStudioVersion = 16.0.34601.136
MinimumVisualStudioVersion = 10.0.40219.1
Project("{FAE04EC0-301F-11D3-BF4B-00C04F79EFBC}") = "OnlineJobPortal", "OnlineJobPortal\OnlineJobPortal.csproj", "{3111654B-4320-42A2-B0D2-651D8EC40C42}"
EndProject
Global
	GlobalSection(SolutionConfigurationPlatforms) = preSolution
		Debug|Any CPU = Debug|Any CPU
		Release|Any CPU = Release|Any CPU
	EndGlobalSection
	GlobalSection(ProjectConfigurationPlatforms) = postSolution
		{3111654B-4320-42A2-B0D2-651D8EC40C42}.Debug|Any CPU.ActiveCfg = Debug|Any CPU
		{3111654B-4320-42A2-B0D2-651D8EC40C42}.Debug|Any CPU.Build.0 = Debug|Any CPU
		{3111654B-4320-42A2-B0D2-651D8EC40C42}.Release|Any CPU.ActiveCfg = Release|Any CPU
		{3111654B-4320-42A2-B0D2-651D8EC40C42}.Release|Any CPU.Build.0 = Release|Any CPU
	EndGlobalSection
	GlobalSection(SolutionProperties) = preSolution
		HideSolutionNode = FALSE
	EndGlobalSection
	GlobalSection(ExtensibilityGlobals) = postSolution
		SolutionGuid = {D2500ECD-2DDF-4B44-92EF-A8B46AAE55E2}
	EndGlobalSection
EndGlobal
